
Microsoft Visual Studio Solution File, Format Version 12.00
# Visual Studio Version 17
VisualStudioVersion = 17.3.32819.101
MinimumVisualStudioVersion = 10.0.40219.1
Project("{FAE04EC0-301F-11D3-BF4B-00C04F79EFBC}") = "DoqTask", "DoqTask\DoqTask.csproj", "{BAD4C7FB-9EBD-4F5D-8E9C-2444B4A66B72}"
EndProject
Global
	GlobalSection(SolutionConfigurationPlatforms) = preSolution
		Debug|Any CPU = Debug|Any CPU
		Release|Any CPU = Release|Any CPU
	EndGlobalSection
	GlobalSection(ProjectConfigurationPlatforms) = postSolution
		{BAD4C7FB-9EBD-4F5D-8E9C-2444B4A66B72}.Debug|Any CPU.ActiveCfg = Debug|Any CPU
		{BAD4C7FB-9EBD-4F5D-8E9C-2444B4A66B72}.Debug|Any CPU.Build.0 = Debug|Any CPU
		{BAD4C7FB-9EBD-4F5D-8E9C-2444B4A66B72}.Release|Any CPU.ActiveCfg = Release|Any CPU
		{BAD4C7FB-9EBD-4F5D-8E9C-2444B4A66B72}.Release|Any CPU.Build.0 = Release|Any CPU
	EndGlobalSection
	GlobalSection(SolutionProperties) = preSolution
		HideSolutionNode = FALSE
	EndGlobalSection
	GlobalSection(ExtensibilityGlobals) = postSolution
		SolutionGuid = {F607641E-6B90-49F8-AC51-6AE9270B36BD}
	EndGlobalSection
EndGlobal
